
Microsoft Visual Studio Solution File, Format Version 12.00
# Visual Studio Version 17
VisualStudioVersion = 17.4.33205.214
MinimumVisualStudioVersion = 10.0.40219.1
Project("{FAE04EC0-301F-11D3-BF4B-00C04F79EFBC}") = "CmdPlay", "CmdPlay\CmdPlay.csproj", "{8AF7D38E-6620-475B-B56E-83AA1AFD4F47}"
EndProject
Global
	GlobalSection(SolutionConfigurationPlatforms) = preSolution
		Debug|Any CPU = Debug|Any CPU
		Release|Any CPU = Release|Any CPU
	EndGlobalSection
	GlobalSection(ProjectConfigurationPlatforms) = postSolution
		{8AF7D38E-6620-475B-B56E-83AA1AFD4F47}.Debug|Any CPU.ActiveCfg = Debug|Any CPU
		{8AF7D38E-6620-475B-B56E-83AA1AFD4F47}.Debug|Any CPU.Build.0 = Debug|Any CPU
		{8AF7D38E-6620-475B-B56E-83AA1AFD4F47}.Release|Any CPU.ActiveCfg = Release|Any CPU
		{8AF7D38E-6620-475B-B56E-83AA1AFD4F47}.Release|Any CPU.Build.0 = Release|Any CPU
	EndGlobalSection
	GlobalSection(SolutionProperties) = preSolution
		HideSolutionNode = FALSE
	EndGlobalSection
	GlobalSection(ExtensibilityGlobals) = postSolution
		SolutionGuid = {215E7E2D-36AC-4161-87AD-5271295FD566}
	EndGlobalSection
EndGlobal
